
Microsoft Visual Studio Solution File, Format Version 12.00
# Visual Studio 15
VisualStudioVersion = 15.0.28307.645
MinimumVisualStudioVersion = 10.0.40219.1
Project("{9A19103F-16F7-4668-BE54-9A1E7A4F7556}") = "Projeto.Api", "Projeto\Projeto.Api.csproj", "{F3F26F09-12E5-482B-9759-796210311B0E}"
EndProject
Project("{9A19103F-16F7-4668-BE54-9A1E7A4F7556}") = "Projeto.Domain", "Projeto.Domain\Projeto.Domain.csproj", "{CD8C6497-4164-4FAB-A953-48BA786B6979}"
EndProject
Project("{9A19103F-16F7-4668-BE54-9A1E7A4F7556}") = "Projeto.Infra.Data", "Projeto.Infra.Data\Projeto.Infra.Data.csproj", "{370CE98E-EC59-4793-AC5B-AFF09928824F}"
EndProject
Global
	GlobalSection(SolutionConfigurationPlatforms) = preSolution
		Debug|Any CPU = Debug|Any CPU
		Release|Any CPU = Release|Any CPU
	EndGlobalSection
	GlobalSection(ProjectConfigurationPlatforms) = postSolution
		{F3F26F09-12E5-482B-9759-796210311B0E}.Debug|Any CPU.ActiveCfg = Debug|Any CPU
		{F3F26F09-12E5-482B-9759-796210311B0E}.Debug|Any CPU.Build.0 = Debug|Any CPU
		{F3F26F09-12E5-482B-9759-796210311B0E}.Release|Any CPU.ActiveCfg = Release|Any CPU
		{F3F26F09-12E5-482B-9759-796210311B0E}.Release|Any CPU.Build.0 = Release|Any CPU
		{CD8C6497-4164-4FAB-A953-48BA786B6979}.Debug|Any CPU.ActiveCfg = Debug|Any CPU
		{CD8C6497-4164-4FAB-A953-48BA786B6979}.Debug|Any CPU.Build.0 = Debug|Any CPU
		{CD8C6497-4164-4FAB-A953-48BA786B6979}.Release|Any CPU.ActiveCfg = Release|Any CPU
		{CD8C6497-4164-4FAB-A953-48BA786B6979}.Release|Any CPU.Build.0 = Release|Any CPU
		{370CE98E-EC59-4793-AC5B-AFF09928824F}.Debug|Any CPU.ActiveCfg = Debug|Any CPU
		{370CE98E-EC59-4793-AC5B-AFF09928824F}.Debug|Any CPU.Build.0 = Debug|Any CPU
		{370CE98E-EC59-4793-AC5B-AFF09928824F}.Release|Any CPU.ActiveCfg = Release|Any CPU
		{370CE98E-EC59-4793-AC5B-AFF09928824F}.Release|Any CPU.Build.0 = Release|Any CPU
	EndGlobalSection
	GlobalSection(SolutionProperties) = preSolution
		HideSolutionNode = FALSE
	EndGlobalSection
	GlobalSection(ExtensibilityGlobals) = postSolution
		SolutionGuid = {98C7373D-89D2-4988-AB75-0E5B96E92D2F}
	EndGlobalSection
EndGlobal
